
Microsoft Visual Studio Solution File, Format Version 12.00
# Visual Studio Version 17
VisualStudioVersion = 17.4.33020.496
MinimumVisualStudioVersion = 10.0.40219.1
Project("{FAE04EC0-301F-11D3-BF4B-00C04F79EFBC}") = "JWT_2", "JWT_2\JWT_2.csproj", "{86EC205B-F837-49F2-AC49-12BDA612E5D5}"
EndProject
Global
	GlobalSection(SolutionConfigurationPlatforms) = preSolution
		Debug|Any CPU = Debug|Any CPU
		Release|Any CPU = Release|Any CPU
	EndGlobalSection
	GlobalSection(ProjectConfigurationPlatforms) = postSolution
		{86EC205B-F837-49F2-AC49-12BDA612E5D5}.Debug|Any CPU.ActiveCfg = Debug|Any CPU
		{86EC205B-F837-49F2-AC49-12BDA612E5D5}.Debug|Any CPU.Build.0 = Debug|Any CPU
		{86EC205B-F837-49F2-AC49-12BDA612E5D5}.Release|Any CPU.ActiveCfg = Release|Any CPU
		{86EC205B-F837-49F2-AC49-12BDA612E5D5}.Release|Any CPU.Build.0 = Release|Any CPU
	EndGlobalSection
	GlobalSection(SolutionProperties) = preSolution
		HideSolutionNode = FALSE
	EndGlobalSection
	GlobalSection(ExtensibilityGlobals) = postSolution
		SolutionGuid = {6EBEF8A0-CD2E-476A-918D-332DD193DE73}
	EndGlobalSection
EndGlobal
